
Microsoft Visual Studio Solution File, Format Version 12.00
# Visual Studio Version 17
VisualStudioVersion = 17.14.36414.22 d17.14
MinimumVisualStudioVersion = 10.0.40219.1
Project("{FAE04EC0-301F-11D3-BF4B-00C04F79EFBC}") = "Labb02_Dungeon_crawler", "Labb02_Dungeon_crawler\Labb02_Dungeon_crawler.csproj", "{5090E7B8-EFCF-4E78-AD60-A87F9B40C9CE}"
EndProject
Global
	GlobalSection(SolutionConfigurationPlatforms) = preSolution
		Debug|Any CPU = Debug|Any CPU
		Release|Any CPU = Release|Any CPU
	EndGlobalSection
	GlobalSection(ProjectConfigurationPlatforms) = postSolution
		{5090E7B8-EFCF-4E78-AD60-A87F9B40C9CE}.Debug|Any CPU.ActiveCfg = Debug|Any CPU
		{5090E7B8-EFCF-4E78-AD60-A87F9B40C9CE}.Debug|Any CPU.Build.0 = Debug|Any CPU
		{5090E7B8-EFCF-4E78-AD60-A87F9B40C9CE}.Release|Any CPU.ActiveCfg = Release|Any CPU
		{5090E7B8-EFCF-4E78-AD60-A87F9B40C9CE}.Release|Any CPU.Build.0 = Release|Any CPU
	EndGlobalSection
	GlobalSection(SolutionProperties) = preSolution
		HideSolutionNode = FALSE
	EndGlobalSection
	GlobalSection(ExtensibilityGlobals) = postSolution
		SolutionGuid = {F25C4038-F083-4BED-B0A9-116AC9E843F3}
	EndGlobalSection
EndGlobal
